// !$*UTF8*$!
{
	archiveVersion = 1;
	classes = {
	};
	objectVersion = 46;
	objects = {

/* Begin PBXBuildFile section */
		71E40E611B2B36CB00D706FF /* main.m in Sources */ = {isa = PBXBuildFile; fileRef = 71E40E601B2B36CB00D706FF /* main.m */; };
		71E40E641B2B36CB00D706FF /* AppDelegate.m in Sources */ = {isa = PBXBuildFile; fileRef = 71E40E631B2B36CB00D706FF /* AppDelegate.m */; };
		71E40E671B2B36CB00D706FF /* ViewController.m in Sources */ = {isa = PBXBuildFile; fileRef = 71E40E661B2B36CB00D706FF /* ViewController.m */; };
		71E40E6A1B2B36CB00D706FF /* Main.storyboard in Resources */ = {isa = PBXBuildFile; fileRef = 71E40E681B2B36CB00D706FF /* Main.storyboard */; };
		71E40E6C1B2B36CC00D706FF /* Images.xcassets in Resources */ = {isa = PBXBuildFile; fileRef = 71E40E6B1B2B36CC00D706FF /* Images.xcassets */; };
		71E40E6F1B2B36CD00D706FF /* LaunchScreen.xib in Resources */ = {isa = PBXBuildFile; fileRef = 71E40E6D1B2B36CD00D706FF /* LaunchScreen.xib */; };
		71E40E7B1B2B36CF00D706FF /* AlcolatorTests.m in Sources */ = {isa = PBXBuildFile; fileRef = 71E40E7A1B2B36CF00D706FF /* AlcolatorTests.m */; };
		71EA4E6A1B2D0188005D47C7 /* WhiskeyViewController.m in Sources */ = {isa = PBXBuildFile; fileRef = 71EA4E691B2D0188005D47C7 /* WhiskeyViewController.m */; };
/* End PBXBuildFile section */

/* Begin PBXContainerItemProxy section */
		71E40E751B2B36CD00D706FF /* PBXContainerItemProxy */ = {
			isa = PBXContainerItemProxy;
			containerPortal = 71E40E531B2B36CB00D706FF /* Project object */;
			proxyType = 1;
			remoteGlobalIDString = 71E40E5A1B2B36CB00D706FF;
			remoteInfo = Alcolator;
		};
/* End PBXContainerItemProxy section */

/* Begin PBXFileReference section */
		71E40E5B1B2B36CB00D706FF /* Alcolator.app */ = {isa = PBXFileReference; explicitFileType = wrapper.application; includeInIndex = 0; path = Alcolator.app; sourceTree = BUILT_PRODUCTS_DIR; };
		71E40E5F1B2B36CB00D706FF /* Info.plist */ = {isa = PBXFileReference; lastKnownFileType = text.plist.xml; path = Info.plist; sourceTree = "<group>"; };
		71E40E601B2B36CB00D706FF /* main.m */ = {isa = PBXFileReference; lastKnownFileType = sourcecode.c.objc; path = main.m; sourceTree = "<group>"; };
		71E40E621B2B36CB00D706FF /* AppDelegate.h */ = {isa = PBXFileReference; lastKnownFileType = sourcecode.c.h; path = AppDelegate.h; sourceTree = "<group>"; };
		71E40E631B2B36CB00D706FF /* AppDelegate.m */ = {isa = PBXFileReference; lastKnownFileType = sourcecode.c.objc; path = AppDelegate.m; sourceTree = "<group>"; };
		71E40E651B2B36CB00D706FF /* ViewController.h */ = {isa = PBXFileReference; lastKnownFileType = sourcecode.c.h; path = ViewController.h; sourceTree = "<group>"; };
		71E40E661B2B36CB00D706FF /* ViewController.m */ = {isa = PBXFileReference; lastKnownFileType = sourcecode.c.objc; path = ViewController.m; sourceTree = "<group>"; };
		71E40E691B2B36CB00D706FF /* Base */ = {isa = PBXFileReference; lastKnownFileType = file.storyboard; name = Base; path = Base.lproj/Main.storyboard; sourceTree = "<group>"; };
		71E40E6B1B2B36CC00D706FF /* Images.xcassets */ = {isa = PBXFileReference; lastKnownFileType = folder.assetcatalog; path = Images.xcassets; sourceTree = "<group>"; };
		71E40E6E1B2B36CD00D706FF /* Base */ = {isa = PBXFileReference; lastKnownFileType = file.xib; name = Base; path = Base.lproj/LaunchScreen.xib; sourceTree = "<group>"; };
		71E40E741B2B36CD00D706FF /* AlcolatorTests.xctest */ = {isa = PBXFileReference; explicitFileType = wrapper.cfbundle; includeInIndex = 0; path = AlcolatorTests.xctest; sourceTree = BUILT_PRODUCTS_DIR; };
		71E40E791B2B36CF00D706FF /* Info.plist */ = {isa = PBXFileReference; lastKnownFileType = text.plist.xml; path = Info.plist; sourceTree = "<group>"; };
		71E40E7A1B2B36CF00D706FF /* AlcolatorTests.m */ = {isa = PBXFileReference; lastKnownFileType = sourcecode.c.objc; path = AlcolatorTests.m; sourceTree = "<group>"; };
		71EA4E681B2D0188005D47C7 /* WhiskeyViewController.h */ = {isa = PBXFileReference; fileEncoding = 4; lastKnownFileType = sourcecode.c.h; path = WhiskeyViewController.h; sourceTree = "<group>"; };
		71EA4E691B2D0188005D47C7 /* WhiskeyViewController.m */ = {isa = PBXFileReference; fileEncoding = 4; lastKnownFileType = sourcecode.c.objc; path = WhiskeyViewController.m; sourceTree = "<group>"; };
/* End PBXFileReference section */

/* Begin PBXFrameworksBuildPhase section */
		71E40E581B2B36CB00D706FF /* Frameworks */ = {
			isa = PBXFrameworksBuildPhase;
			buildActionMask = 2147483647;
			files = (
			);
			runOnlyForDeploymentPostprocessing = 0;
		};
		71E40E711B2B36CD00D706FF /* Frameworks */ = {
			isa = PBXFrameworksBuildPhase;
			buildActionMask = 2147483647;
			files = (
			);
			runOnlyForDeploymentPostprocessing = 0;
		};
/* End PBXFrameworksBuildPhase section */

/* Begin PBXGroup section */
		71E40E521B2B36CB00D706FF = {
			isa = PBXGroup;
			children = (
				71E40E5D1B2B36CB00D706FF /* Alcolator */,
				71E40E771B2B36CD00D706FF /* AlcolatorTests */,
				71E40E5C1B2B36CB00D706FF /* Products */,
			);
			sourceTree = "<group>";
		};
		71E40E5C1B2B36CB00D706FF /* Products */ = {
			isa = PBXGroup;
			children = (
				71E40E5B1B2B36CB00D706FF /* Alcolator.app */,
				71E40E741B2B36CD00D706FF /* AlcolatorTests.xctest */,
			);
			name = Products;
			sourceTree = "<group>";
		};
		71E40E5D1B2B36CB00D706FF /* Alcolator */ = {
			isa = PBXGroup;
			children = (
				71E40E621B2B36CB00D706FF /* AppDelegate.h */,
				71E40E631B2B36CB00D706FF /* AppDelegate.m */,
				71E40E651B2B36CB00D706FF /* ViewController.h */,
				71E40E661B2B36CB00D706FF /* ViewController.m */,
				71EA4E681B2D0188005D47C7 /* WhiskeyViewController.h */,
				71EA4E691B2D0188005D47C7 /* WhiskeyViewController.m */,
				71E40E681B2B36CB00D706FF /* Main.storyboard */,
				71E40E6B1B2B36CC00D706FF /* Images.xcassets */,
				71E40E6D1B2B36CD00D706FF /* LaunchScreen.xib */,
				71E40E5E1B2B36CB00D706FF /* Supporting Files */,
			);
			path = Alcolator;
			sourceTree = "<group>";
		};
		71E40E5E1B2B36CB00D706FF /* Supporting Files */ = {
			isa = PBXGroup;
			children = (
				71E40E5F1B2B36CB00D706FF /* Info.plist */,
				71E40E601B2B36CB00D706FF /* main.m */,
			);
			name = "Supporting Files";
			sourceTree = "<group>";
		};
		71E40E771B2B36CD00D706FF /* AlcolatorTests */ = {
			isa = PBXGroup;
			children = (
				71E40E7A1B2B36CF00D706FF /* AlcolatorTests.m */,
				71E40E781B2B36CF00D706FF /* Supporting Files */,
			);
			path = AlcolatorTests;
			sourceTree = "<group>";
		};
		71E40E781B2B36CF00D706FF /* Supporting Files */ = {
			isa = PBXGroup;
			children = (
				71E40E791B2B36CF00D706FF /* Info.plist */,
			);
			name = "Supporting Files";
			sourceTree = "<group>";
		};
/* End PBXGroup section */

/* Begin PBXNativeTarget section */
		71E40E5A1B2B36CB00D706FF /* Alcolator */ = {
			isa = PBXNativeTarget;
			buildConfigurationList = 71E40E7E1B2B36CF00D706FF /* Build configuration list for PBXNativeTarget "Alcolator" */;
			buildPhases = (
				71E40E571B2B36CB00D706FF /* Sources */,
				71E40E581B2B36CB00D706FF /* Frameworks */,
				71E40E591B2B36CB00D706FF /* Resources */,
			);
			buildRules = (
			);
			dependencies = (
			);
			name = Alcolator;
			productName = Alcolator;
			productReference = 71E40E5B1B2B36CB00D706FF /* Alcolator.app */;
			productType = "com.apple.product-type.application";
		};
		71E40E731B2B36CD00D706FF /* AlcolatorTests */ = {
			isa = PBXNativeTarget;
			buildConfigurationList = 71E40E811B2B36CF00D706FF /* Build configuration list for PBXNativeTarget "AlcolatorTests" */;
			buildPhases = (
				71E40E701B2B36CD00D706FF /* Sources */,
				71E40E711B2B36CD00D706FF /* Frameworks */,
				71E40E721B2B36CD00D706FF /* Resources */,
			);
			buildRules = (
			);
			dependencies = (
				71E40E761B2B36CD00D706FF /* PBXTargetDependency */,
			);
			name = AlcolatorTests;
			productName = AlcolatorTests;
			productReference = 71E40E741B2B36CD00D706FF /* AlcolatorTests.xctest */;
			productType = "com.apple.product-type.bundle.unit-test";
		};
/* End PBXNativeTarget section */

/* Begin PBXProject section */
		71E40E531B2B36CB00D706FF /* Project object */ = {
			isa = PBXProject;
			attributes = {
				LastUpgradeCheck = 0630;
				ORGANIZATIONNAME = Bloc;
				TargetAttributes = {
					71E40E5A1B2B36CB00D706FF = {
						CreatedOnToolsVersion = 6.3.2;
					};
					71E40E731B2B36CD00D706FF = {
						CreatedOnToolsVersion = 6.3.2;
						TestTargetID = 71E40E5A1B2B36CB00D706FF;
					};
				};
			};
			buildConfigurationList = 71E40E561B2B36CB00D706FF /* Build configuration list for PBXProject "Alcolator" */;
			compatibilityVersion = "Xcode 3.2";
			developmentRegion = English;
			hasScannedForEncodings = 0;
			knownRegions = (
				en,
				Base,
			);
			mainGroup = 71E40E521B2B36CB00D706FF;
			productRefGroup = 71E40E5C1B2B36CB00D706FF /* Products */;
			projectDirPath = "";
			projectRoot = "";
			targets = (
				71E40E5A1B2B36CB00D706FF /* Alcolator */,
				71E40E731B2B36CD00D706FF /* AlcolatorTests */,
			);
		};
/* End PBXProject section */

/* Begin PBXResourcesBuildPhase section */
		71E40E591B2B36CB00D706FF /* Resources */ = {
			isa = PBXResourcesBuildPhase;
			buildActionMask = 2147483647;
			files = (
				71E40E6A1B2B36CB00D706FF /* Main.storyboard in Resources */,
				71E40E6F1B2B36CD00D706FF /* LaunchScreen.xib in Resources */,
				71E40E6C1B2B36CC00D706FF /* Images.xcassets in Resources */,
			);
			runOnlyForDeploymentPostprocessing = 0;
		};
		71E40E721B2B36CD00D706FF /* Resources */ = {
			isa = PBXResourcesBuildPhase;
			buildActionMask = 2147483647;
			files = (
			);
			runOnlyForDeploymentPostprocessing = 0;
		};
/* End PBXResourcesBuildPhase section */

/* Begin PBXSourcesBuildPhase section */
		71E40E571B2B36CB00D706FF /* Sources */ = {
			isa = PBXSourcesBuildPhase;
			buildActionMask = 2147483647;
			files = (
				71E40E671B2B36CB00D706FF /* ViewController.m in Sources */,
				71EA4E6A1B2D0188005D47C7 /* WhiskeyViewController.m in Sources */,
				71E40E641B2B36CB00D706FF /* AppDelegate.m in Sources */,
				71E40E611B2B36CB00D706FF /* main.m in Sources */,
			);
			runOnlyForDeploymentPostprocessing = 0;
		};
		71E40E701B2B36CD00D706FF /* Sources */ = {
			isa = PBXSourcesBuildPhase;
			buildActionMask = 2147483647;
			files = (
				71E40E7B1B2B36CF00D706FF /* AlcolatorTests.m in Sources */,
			);
			runOnlyForDeploymentPostprocessing = 0;
		};
/* End PBXSourcesBuildPhase section */

/* Begin PBXTargetDependency section */
		71E40E761B2B36CD00D706FF /* PBXTargetDependency */ = {
			isa = PBXTargetDependency;
			target = 71E40E5A1B2B36CB00D706FF /* Alcolator */;
			targetProxy = 71E40E751B2B36CD00D706FF /* PBXContainerItemProxy */;
		};
/* End PBXTargetDependency section */

/* Begin PBXVariantGroup section */
		71E40E681B2B36CB00D706FF /* Main.storyboard */ = {
			isa = PBXVariantGroup;
			children = (
				71E40E691B2B36CB00D706FF /* Base */,
			);
			name = Main.storyboard;
			sourceTree = "<group>";
		};
		71E40E6D1B2B36CD00D706FF /* LaunchScreen.xib */ = {
			isa = PBXVariantGroup;
			children = (
				71E40E6E1B2B36CD00D706FF /* Base */,
			);
			name = LaunchScreen.xib;
			sourceTree = "<group>";
		};
/* End PBXVariantGroup section */

/* Begin XCBuildConfiguration section */
		71E40E7C1B2B36CF00D706FF /* Debug */ = {
			isa = XCBuildConfiguration;
			buildSettings = {
				ALWAYS_SEARCH_USER_PATHS = NO;
				CLANG_CXX_LANGUAGE_STANDARD = "gnu++0x";
				CLANG_CXX_LIBRARY = "libc++";
				CLANG_ENABLE_MODULES = YES;
				CLANG_ENABLE_OBJC_ARC = YES;
				CLANG_WARN_BOOL_CONVERSION = YES;
				CLANG_WARN_CONSTANT_CONVERSION = YES;
				CLANG_WARN_DIRECT_OBJC_ISA_USAGE = YES_ERROR;
				CLANG_WARN_EMPTY_BODY = YES;
				CLANG_WARN_ENUM_CONVERSION = YES;
				CLANG_WARN_INT_CONVERSION = YES;
				CLANG_WARN_OBJC_ROOT_CLASS = YES_ERROR;
				CLANG_WARN_UNREACHABLE_CODE = YES;
				CLANG_WARN__DUPLICATE_METHOD_MATCH = YES;
				"CODE_SIGN_IDENTITY[sdk=iphoneos*]" = "iPhone Developer";
				COPY_PHASE_STRIP = NO;
				DEBUG_INFORMATION_FORMAT = "dwarf-with-dsym";
				ENABLE_STRICT_OBJC_MSGSEND = YES;
				GCC_C_LANGUAGE_STANDARD = gnu99;
				GCC_DYNAMIC_NO_PIC = NO;
				GCC_NO_COMMON_BLOCKS = YES;
				GCC_OPTIMIZATION_LEVEL = 0;
				GCC_PREPROCESSOR_DEFINITIONS = (
					"DEBUG=1",
					"$(inherited)",
				);
				GCC_SYMBOLS_PRIVATE_EXTERN = NO;
				GCC_WARN_64_TO_32_BIT_CONVERSION = YES;
				GCC_WARN_ABOUT_RETURN_TYPE = YES_ERROR;
				GCC_WARN_UNDECLARED_SELECTOR = YES;
				GCC_WARN_UNINITIALIZED_AUTOS = YES_AGGRESSIVE;
				GCC_WARN_UNUSED_FUNCTION = YES;
				GCC_WARN_UNUSED_VARIABLE = YES;
				IPHONEOS_DEPLOYMENT_TARGET = 8.3;
				MTL_ENABLE_DEBUG_INFO = YES;
				ONLY_ACTIVE_ARCH = YES;
				SDKROOT = iphoneos;
				TARGETED_DEVICE_FAMILY = "1,2";
			};
			name = Debug;
		};
		71E40E7D1B2B36CF00D706FF /* Release */ = {
			isa = XCBuildConfiguration;
			buildSettings = {
				ALWAYS_SEARCH_USER_PATHS = NO;
				CLANG_CXX_LANGUAGE_STANDARD = "gnu++0x";
				CLANG_CXX_LIBRARY = "libc++";
				CLANG_ENABLE_MODULES = YES;
				CLANG_ENABLE_OBJC_ARC = YES;
				CLANG_WARN_BOOL_CONVERSION = YES;
				CLANG_WARN_CONSTANT_CONVERSION = YES;
				CLANG_WARN_DIRECT_OBJC_ISA_USAGE = YES_ERROR;
				CLANG_WARN_EMPTY_BODY = YES;
				CLANG_WARN_ENUM_CONVERSION = YES;
				CLANG_WARN_INT_CONVERSION = YES;
				CLANG_WARN_OBJC_ROOT_CLASS = YES_ERROR;
				CLANG_WARN_UNREACHABLE_CODE = YES;
				CLANG_WARN__DUPLICATE_METHOD_MATCH = YES;
				"CODE_SIGN_IDENTITY[sdk=iphoneos*]" = "iPhone Developer";
				COPY_PHASE_STRIP = NO;
				DEBUG_INFORMATION_FORMAT = "dwarf-with-dsym";
				ENABLE_NS_ASSERTIONS = NO;
				ENABLE_STRICT_OBJC_MSGSEND = YES;
				GCC_C_LANGUAGE_STANDARD = gnu99;
				GCC_NO_COMMON_BLOCKS = YES;
				GCC_WARN_64_TO_32_BIT_CONVERSION = YES;
				GCC_WARN_ABOUT_RETURN_TYPE = YES_ERROR;
				GCC_WARN_UNDECLARED_SELECTOR = YES;
				GCC_WARN_UNINITIALIZED_AUTOS = YES_AGGRESSIVE;
				GCC_WARN_UNUSED_FUNCTION = YES;
				GCC_WARN_UNUSED_VARIABLE = YES;
				IPHONEOS_DEPLOYMENT_TARGET = 8.3;
				MTL_ENABLE_DEBUG_INFO = NO;
				SDKROOT = iphoneos;
				TARGETED_DEVICE_FAMILY = "1,2";
				VALIDATE_PRODUCT = YES;
			};
			name = Release;
		};
		71E40E7F1B2B36CF00D706FF /* Debug */ = {
			isa = XCBuildConfiguration;
			buildSettings = {
				ASSETCATALOG_COMPILER_APPICON_NAME = AppIcon;
				INFOPLIST_FILE = Alcolator/Info.plist;
				LD_RUNPATH_SEARCH_PATHS = "$(inherited) @executable_path/Frameworks";
				PRODUCT_NAME = "$(TARGET_NAME)";
			};
			name = Debug;
		};
		71E40E801B2B36CF00D706FF /* Release */ = {
			isa = XCBuildConfiguration;
			buildSettings = {
				ASSETCATALOG_COMPILER_APPICON_NAME = AppIcon;
				INFOPLIST_FILE = Alcolator/Info.plist;
				LD_RUNPATH_SEARCH_PATHS = "$(inherited) @executable_path/Frameworks";
				PRODUCT_NAME = "$(TARGET_NAME)";
			};
			name = Release;
		};
		71E40E821B2B36CF00D706FF /* Debug */ = {
			isa = XCBuildConfiguration;
			buildSettings = {
				BUNDLE_LOADER = "$(TEST_HOST)";
				FRAMEWORK_SEARCH_PATHS = (
					"$(SDKROOT)/Developer/Library/Frameworks",
					"$(inherited)",
				);
				GCC_PREPROCESSOR_DEFINITIONS = (
					"DEBUG=1",
					"$(inherited)",
				);
				INFOPLIST_FILE = AlcolatorTests/Info.plist;
				LD_RUNPATH_SEARCH_PATHS = "$(inherited) @executable_path/Frameworks @loader_path/Frameworks";
				PRODUCT_NAME = "$(TARGET_NAME)";
				TEST_HOST = "$(BUILT_PRODUCTS_DIR)/Alcolator.app/Alcolator";
			};
			name = Debug;
		};
		71E40E831B2B36CF00D706FF /* Release */ = {
			isa = XCBuildConfiguration;
			buildSettings = {
				BUNDLE_LOADER = "$(TEST_HOST)";
				FRAMEWORK_SEARCH_PATHS = (
					"$(SDKROOT)/Developer/Library/Frameworks",
					"$(inherited)",
				);
				INFOPLIST_FILE = AlcolatorTests/Info.plist;
				LD_RUNPATH_SEARCH_PATHS = "$(inherited) @executable_path/Frameworks @loader_path/Frameworks";
				PRODUCT_NAME = "$(TARGET_NAME)";
				TEST_HOST = "$(BUILT_PRODUCTS_DIR)/Alcolator.app/Alcolator";
			};
			name = Release;
		};
/* End XCBuildConfiguration section */

/* Begin XCConfigurationList section */
		71E40E561B2B36CB00D706FF /* Build configuration list for PBXProject "Alcolator" */ = {
			isa = XCConfigurationList;
			buildConfigurations = (
				71E40E7C1B2B36CF00D706FF /* Debug */,
				71E40E7D1B2B36CF00D706FF /* Release */,
			);
			defaultConfigurationIsVisible = 0;
			defaultConfigurationName = Release;
		};
		71E40E7E1B2B36CF00D706FF /* Build configuration list for PBXNativeTarget "Alcolator" */ = {
			isa = XCConfigurationList;
			buildConfigurations = (
				71E40E7F1B2B36CF00D706FF /* Debug */,
				71E40E801B2B36CF00D706FF /* Release */,
			);
			defaultConfigurationIsVisible = 0;
			defaultConfigurationName = Release;
		};
		71E40E811B2B36CF00D706FF /* Build configuration list for PBXNativeTarget "AlcolatorTests" */ = {
			isa = XCConfigurationList;
			buildConfigurations = (
				71E40E821B2B36CF00D706FF /* Debug */,
				71E40E831B2B36CF00D706FF /* Release */,
			);
			defaultConfigurationIsVisible = 0;
			defaultConfigurationName = Release;
		};
/* End XCConfigurationList section */
	};
	rootObject = 71E40E531B2B36CB00D706FF /* Project object */;
}
